<?xml version="1.0" encoding="utf-8"?>
<Project ToolsVersion="4.0" xmlns="http://schemas.microsoft.com/developer/msbuild/2003">
  <ItemGroup>
    <Filter Include="Source Files">
      <UniqueIdentifier>{4FC737F1-C7A5-4376-A066-2A32D752A2FF}</UniqueIdentifier>
      <Extensions>cpp;c;cc;cxx;def;odl;idl;hpj;bat;asm;asmx</Extensions>
    </Filter>
    <Filter Include="Header Files">
      <UniqueIdentifier>{93995380-89BD-4b04-88EB-625FBE52EBFB}</UniqueIdentifier>
      <Extensions>h;hpp;hxx;hm;inl;inc;xsd</Extensions>
    </Filter>
    <Filter Include="Resource Files">
      <UniqueIdentifier>{67DA6AB6-F800-4c08-8B7A-83BB121AAD01}</UniqueIdentifier>
      <Extensions>rc;ico;cur;bmp;dlg;rc2;rct;bin;rgs;gif;jpg;jpeg;jpe;resx;tiff;tif;png;wav</Extensions>
    </Filter>
  </ItemGroup>
  <ItemGroup>
    <ClCompile Include="ArithmeticExpression.cpp">
      <Filter>Source Files</Filter>
    </ClCompile>
    <ClCompile Include="ArithmeticLevelOneExpression.cpp">
      <Filter>Source Files</Filter>
    </ClCompile>
    <ClCompile Include="ArithmeticLevelOneRightExpression.cpp">
      <Filter>Source Files</Filter>
    </ClCompile>
    <ClCompile Include="ArithmeticRightExpression.cpp">
      <Filter>Source Files</Filter>
    </ClCompile>
    <ClCompile Include="AssignmentExpression.cpp">
      <Filter>Source Files</Filter>
    </ClCompile>
    <ClCompile Include="BaseExpression.cpp">
      <Filter>Source Files</Filter>
    </ClCompile>
    <ClCompile Include="BaseStatement.cpp">
      <Filter>Source Files</Filter>
    </ClCompile>
    <ClCompile Include="BracketExpression.cpp">
      <Filter>Source Files</Filter>
    </ClCompile>
    <ClCompile Include="BracketStatement.cpp">
      <Filter>Source Files</Filter>
    </ClCompile>
    <ClCompile Include="CommentsStatement.cpp">
      <Filter>Source Files</Filter>
    </ClCompile>
    <ClCompile Include="CompareExpression.cpp">
      <Filter>Source Files</Filter>
    </ClCompile>
    <ClCompile Include="CompareRightExpression.cpp">
      <Filter>Source Files</Filter>
    </ClCompile>
    <ClCompile Include="DialogFindReplace.cpp">
      <Filter>Source Files</Filter>
    </ClCompile>
    <ClCompile Include="dllmain.cpp">
      <Filter>Source Files</Filter>
    </ClCompile>
    <ClCompile Include="ForExpression.cpp">
      <Filter>Source Files</Filter>
    </ClCompile>
    <ClCompile Include="FunctionCallExpression.cpp">
      <Filter>Source Files</Filter>
    </ClCompile>
    <ClCompile Include="IfExpression.cpp">
      <Filter>Source Files</Filter>
    </ClCompile>
    <ClCompile Include="InEndExpression.cpp">
      <Filter>Source Files</Filter>
    </ClCompile>
    <ClCompile Include="InExpression.cpp">
      <Filter>Source Files</Filter>
    </ClCompile>
    <ClCompile Include="LogicalAndExpression.cpp">
      <Filter>Source Files</Filter>
    </ClCompile>
    <ClCompile Include="LogicalAndRightExpression.cpp">
      <Filter>Source Files</Filter>
    </ClCompile>
    <ClCompile Include="LogicalExpression.cpp">
      <Filter>Source Files</Filter>
    </ClCompile>
    <ClCompile Include="LogicalNotExpression.cpp">
      <Filter>Source Files</Filter>
    </ClCompile>
    <ClCompile Include="LogicalRightExpression.cpp">
      <Filter>Source Files</Filter>
    </ClCompile>
    <ClCompile Include="PrimitiveExpression.cpp">
      <Filter>Source Files</Filter>
    </ClCompile>
    <ClCompile Include="RadArray.cpp">
      <Filter>Source Files</Filter>
    </ClCompile>
    <ClCompile Include="RadLexer.cpp">
      <Filter>Source Files</Filter>
    </ClCompile>
    <ClCompile Include="RadParser.cpp">
      <Filter>Source Files</Filter>
    </ClCompile>
    <ClCompile Include="RadStructure.cpp">
      <Filter>Source Files</Filter>
    </ClCompile>
    <ClCompile Include="RadSyntaxException.cpp">
      <Filter>Source Files</Filter>
    </ClCompile>
    <ClCompile Include="RadToken.cpp">
      <Filter>Source Files</Filter>
    </ClCompile>
    <ClCompile Include="ScintillaCtrl.cpp">
      <Filter>Source Files</Filter>
    </ClCompile>
    <ClCompile Include="SpecialFunctionStatement.cpp">
      <Filter>Source Files</Filter>
    </ClCompile>
    <ClCompile Include="Statements.cpp">
      <Filter>Source Files</Filter>
    </ClCompile>
    <ClCompile Include="stdafx.cpp">
      <Filter>Source Files</Filter>
    </ClCompile>
    <ClCompile Include="StringHelper.cpp">
      <Filter>Source Files</Filter>
    </ClCompile>
    <ClCompile Include="ToolBarControl.cpp">
      <Filter>Source Files</Filter>
    </ClCompile>
    <ClCompile Include="TransformCharandWchar.cpp">
      <Filter>Source Files</Filter>
    </ClCompile>
    <ClCompile Include="UniConversion.cpp">
      <Filter>Source Files</Filter>
    </ClCompile>
    <ClCompile Include="WhileExpression.cpp">
      <Filter>Source Files</Filter>
    </ClCompile>
  </ItemGroup>
  <ItemGroup>
    <None Include="Share.def">
      <Filter>Source Files</Filter>
    </None>
  </ItemGroup>
  <ItemGroup>
    <ClInclude Include="ArithmeticExpression.h">
      <Filter>Header Files</Filter>
    </ClInclude>
    <ClInclude Include="ArithmeticLevelOneExpression.h">
      <Filter>Header Files</Filter>
    </ClInclude>
    <ClInclude Include="ArithmeticLevelOneRightExpression.h">
      <Filter>Header Files</Filter>
    </ClInclude>
    <ClInclude Include="ArithmeticRightExpression.h">
      <Filter>Header Files</Filter>
    </ClInclude>
    <ClInclude Include="ArrayTerm.h">
      <Filter>Header Files</Filter>
    </ClInclude>
    <ClInclude Include="AssignmentExpression.h">
      <Filter>Header Files</Filter>
    </ClInclude>
    <ClInclude Include="AssignmentLeftExpression.h">
      <Filter>Header Files</Filter>
    </ClInclude>
    <ClInclude Include="AssignmentRightExpression.h">
      <Filter>Header Files</Filter>
    </ClInclude>
    <ClInclude Include="BaseExpression.h">
      <Filter>Header Files</Filter>
    </ClInclude>
    <ClInclude Include="BaseStatement.h">
      <Filter>Header Files</Filter>
    </ClInclude>
    <ClInclude Include="BracketExpression.h">
      <Filter>Header Files</Filter>
    </ClInclude>
    <ClInclude Include="BracketStatement.h">
      <Filter>Header Files</Filter>
    </ClInclude>
    <ClInclude Include="CommentsStatement.h">
      <Filter>Header Files</Filter>
    </ClInclude>
    <ClInclude Include="CompareExpression.h">
      <Filter>Header Files</Filter>
    </ClInclude>
    <ClInclude Include="CompareRightExpression.h">
      <Filter>Header Files</Filter>
    </ClInclude>
    <ClInclude Include="DialogFindReplace.h">
      <Filter>Header Files</Filter>
    </ClInclude>
    <ClInclude Include="ForExpression.h">
      <Filter>Header Files</Filter>
    </ClInclude>
    <ClInclude Include="FunctionCallExpression.h">
      <Filter>Header Files</Filter>
    </ClInclude>
    <ClInclude Include="HookRADDll.h">
      <Filter>Header Files</Filter>
    </ClInclude>
    <ClInclude Include="IfExpression.h">
      <Filter>Header Files</Filter>
    </ClInclude>
    <ClInclude Include="InEndExpression.h">
      <Filter>Header Files</Filter>
    </ClInclude>
    <ClInclude Include="InExpression.h">
      <Filter>Header Files</Filter>
    </ClInclude>
    <ClInclude Include="InHeadExpression.h">
      <Filter>Header Files</Filter>
    </ClInclude>
    <ClInclude Include="LogicalAndExpression.h">
      <Filter>Header Files</Filter>
    </ClInclude>
    <ClInclude Include="LogicalAndRightExpression.h">
      <Filter>Header Files</Filter>
    </ClInclude>
    <ClInclude Include="LogicalExpression.h">
      <Filter>Header Files</Filter>
    </ClInclude>
    <ClInclude Include="LogicalNotExpression.h">
      <Filter>Header Files</Filter>
    </ClInclude>
    <ClInclude Include="LogicalRightExpression.h">
      <Filter>Header Files</Filter>
    </ClInclude>
    <ClInclude Include="PrimitiveExpression.h">
      <Filter>Header Files</Filter>
    </ClInclude>
    <ClInclude Include="RadArray.h">
      <Filter>Header Files</Filter>
    </ClInclude>
    <ClInclude Include="RadLexer.h">
      <Filter>Header Files</Filter>
    </ClInclude>
    <ClInclude Include="RadParser.h">
      <Filter>Header Files</Filter>
    </ClInclude>
    <ClInclude Include="RadStructure.h">
      <Filter>Header Files</Filter>
    </ClInclude>
    <ClInclude Include="RadSyntaxException.h">
      <Filter>Header Files</Filter>
    </ClInclude>
    <ClInclude Include="RadToken.h">
      <Filter>Header Files</Filter>
    </ClInclude>
    <ClInclude Include="Resource.h">
      <Filter>Header Files</Filter>
    </ClInclude>
    <ClInclude Include="SciLexer.h">
      <Filter>Header Files</Filter>
    </ClInclude>
    <ClInclude Include="Scintilla.h">
      <Filter>Header Files</Filter>
    </ClInclude>
    <ClInclude Include="ScintillaCtrl.h">
      <Filter>Header Files</Filter>
    </ClInclude>
    <ClInclude Include="SpecialFunctionStatement.h">
      <Filter>Header Files</Filter>
    </ClInclude>
    <ClInclude Include="Statements.h">
      <Filter>Header Files</Filter>
    </ClInclude>
    <ClInclude Include="stdafx.h">
      <Filter>Header Files</Filter>
    </ClInclude>
    <ClInclude Include="StringHelper.h">
      <Filter>Header Files</Filter>
    </ClInclude>
    <ClInclude Include="SuperRADEditor.h">
      <Filter>Header Files</Filter>
    </ClInclude>
    <ClInclude Include="targetver.h">
      <Filter>Header Files</Filter>
    </ClInclude>
    <ClInclude Include="ToolBarControl.h">
      <Filter>Header Files</Filter>
    </ClInclude>
    <ClInclude Include="TransformCharandWchar.h">
      <Filter>Header Files</Filter>
    </ClInclude>
    <ClInclude Include="UniConversion.h">
      <Filter>Header Files</Filter>
    </ClInclude>
    <ClInclude Include="WhileExpression.h">
      <Filter>Header Files</Filter>
    </ClInclude>
  </ItemGroup>
  <ItemGroup>
    <Image Include="bitmap1.bmp">
      <Filter>Resource Files</Filter>
    </Image>
    <Image Include="Comments.bmp">
      <Filter>Resource Files</Filter>
    </Image>
    <Image Include="FindHS.bmp">
      <Filter>Resource Files</Filter>
    </Image>
    <Image Include="Format.bmp">
      <Filter>Resource Files</Filter>
    </Image>
    <Image Include="icon1.ico">
      <Filter>Resource Files</Filter>
    </Image>
    <Image Include="SaveHL.bmp">
      <Filter>Resource Files</Filter>
    </Image>
    <Image Include="Serialize.bmp">
      <Filter>Resource Files</Filter>
    </Image>
    <Image Include="small.ico">
      <Filter>Resource Files</Filter>
    </Image>
    <Image Include="SuperRADEditor.ico">
      <Filter>Resource Files</Filter>
    </Image>
    <Image Include="Uncomments.bmp">
      <Filter>Resource Files</Filter>
    </Image>
  </ItemGroup>
  <ItemGroup>
    <ResourceCompile Include="SuperRADEditor.rc">
      <Filter>Resource Files</Filter>
    </ResourceCompile>
  </ItemGroup>
  <ItemGroup>
    <Text Include="ReadMe.txt" />
  </ItemGroup>
</Project>